
Microsoft Visual Studio Solution File, Format Version 12.00
Project("{FAE04EC0-301F-11D3-BF4B-00C04F79EFBC}") = "RCMS.Infrastructure", "RCMS.Infrastructure\RCMS.Infrastructure.csproj", "{D98F43A8-AD88-40DF-A97F-2AD0A73E6C0C}"
EndProject
Project("{FAE04EC0-301F-11D3-BF4B-00C04F79EFBC}") = "RCMS.Shared", "RCMS.Shared\RCMS.Shared.csproj", "{B17916C3-D419-40CB-9D2E-6014A93768E9}"
EndProject
Project("{FAE04EC0-301F-11D3-BF4B-00C04F79EFBC}") = "RCMS.Api", "RCMS.Api\RCMS.Api.csproj", "{BB87490A-28C7-4F86-A4C5-1E4D9EED1210}"
EndProject
Project("{FAE04EC0-301F-11D3-BF4B-00C04F79EFBC}") = "RCMS.Web", "RCMS.Web\RCMS.Web.csproj", "{F5944154-FC89-4DE4-AB81-04C22F0AD51D}"
EndProject
Project("{FAE04EC0-301F-11D3-BF4B-00C04F79EFBC}") = "RCMS.Application", "RCMS.Application\RCMS.Application.csproj", "{7DD5B236-71A7-4D8C-B820-17B3FD6CEBE7}"
EndProject
Project("{FAE04EC0-301F-11D3-BF4B-00C04F79EFBC}") = "RCMS.Domain", "RCMS.Domain\RCMS.Domain.csproj", "{A494AADF-8C91-4725-A1BB-951997C8A54D}"
EndProject
Global
	GlobalSection(SolutionConfigurationPlatforms) = preSolution
		Debug|Any CPU = Debug|Any CPU
		Release|Any CPU = Release|Any CPU
	EndGlobalSection
	GlobalSection(ProjectConfigurationPlatforms) = postSolution
		{D98F43A8-AD88-40DF-A97F-2AD0A73E6C0C}.Debug|Any CPU.ActiveCfg = Debug|Any CPU
		{D98F43A8-AD88-40DF-A97F-2AD0A73E6C0C}.Debug|Any CPU.Build.0 = Debug|Any CPU
		{D98F43A8-AD88-40DF-A97F-2AD0A73E6C0C}.Release|Any CPU.ActiveCfg = Release|Any CPU
		{D98F43A8-AD88-40DF-A97F-2AD0A73E6C0C}.Release|Any CPU.Build.0 = Release|Any CPU
		{B17916C3-D419-40CB-9D2E-6014A93768E9}.Debug|Any CPU.ActiveCfg = Debug|Any CPU
		{B17916C3-D419-40CB-9D2E-6014A93768E9}.Debug|Any CPU.Build.0 = Debug|Any CPU
		{B17916C3-D419-40CB-9D2E-6014A93768E9}.Release|Any CPU.ActiveCfg = Release|Any CPU
		{B17916C3-D419-40CB-9D2E-6014A93768E9}.Release|Any CPU.Build.0 = Release|Any CPU
		{BB87490A-28C7-4F86-A4C5-1E4D9EED1210}.Debug|Any CPU.ActiveCfg = Debug|Any CPU
		{BB87490A-28C7-4F86-A4C5-1E4D9EED1210}.Debug|Any CPU.Build.0 = Debug|Any CPU
		{BB87490A-28C7-4F86-A4C5-1E4D9EED1210}.Release|Any CPU.ActiveCfg = Release|Any CPU
		{BB87490A-28C7-4F86-A4C5-1E4D9EED1210}.Release|Any CPU.Build.0 = Release|Any CPU
		{F5944154-FC89-4DE4-AB81-04C22F0AD51D}.Debug|Any CPU.ActiveCfg = Debug|Any CPU
		{F5944154-FC89-4DE4-AB81-04C22F0AD51D}.Debug|Any CPU.Build.0 = Debug|Any CPU
		{F5944154-FC89-4DE4-AB81-04C22F0AD51D}.Release|Any CPU.ActiveCfg = Release|Any CPU
		{F5944154-FC89-4DE4-AB81-04C22F0AD51D}.Release|Any CPU.Build.0 = Release|Any CPU
		{7DD5B236-71A7-4D8C-B820-17B3FD6CEBE7}.Debug|Any CPU.ActiveCfg = Debug|Any CPU
		{7DD5B236-71A7-4D8C-B820-17B3FD6CEBE7}.Debug|Any CPU.Build.0 = Debug|Any CPU
		{7DD5B236-71A7-4D8C-B820-17B3FD6CEBE7}.Release|Any CPU.ActiveCfg = Release|Any CPU
		{7DD5B236-71A7-4D8C-B820-17B3FD6CEBE7}.Release|Any CPU.Build.0 = Release|Any CPU
		{A494AADF-8C91-4725-A1BB-951997C8A54D}.Debug|Any CPU.ActiveCfg = Debug|Any CPU
		{A494AADF-8C91-4725-A1BB-951997C8A54D}.Debug|Any CPU.Build.0 = Debug|Any CPU
		{A494AADF-8C91-4725-A1BB-951997C8A54D}.Release|Any CPU.ActiveCfg = Release|Any CPU
		{A494AADF-8C91-4725-A1BB-951997C8A54D}.Release|Any CPU.Build.0 = Release|Any CPU
	EndGlobalSection
EndGlobal
